dependencies:
- name: storeapp-common
  repository: file://../../storeapp-common
  version: 0.1.0
- name: configserver
  repository: file://../../storeapp-services/configserver
  version: 0.1.0
- name: orders
  repository: file://../../storeapp-services/orders
  version: 0.1.0
- name: payments
  repository: file://../../storeapp-services/payments
  version: 0.1.0
- name: products
  repository: file://../../storeapp-services/products
  version: 0.1.0
- name: cloudgateway
  repository: file://../../storeapp-services/cloudgateway
  version: 0.1.0
- name: messageservice
  repository: file://../../storeapp-services/messageservice
  version: 0.1.0
digest: sha256:72d1a0397186a304247bf48c108306b37295c3d5cd147e6bd4b67d696ef11fc9
generated: "2024-05-21T15:33:58.735659+03:00"
